// !$*UTF8*$!
{
	archiveVersion = 1;
	classes = {
	};
	objectVersion = 55;
	objects = {

/* Begin PBXBuildFile section */
		4F3ABF2928A63265006847AD /* AppDelegate.swift in Sources */ = {isa = PBXBuildFile; fileRef = 4F3ABF2828A63265006847AD /* AppDelegate.swift */; };
		4F3ABF2B28A63265006847AD /* SceneDelegate.swift in Sources */ = {isa = PBXBuildFile; fileRef = 4F3ABF2A28A63265006847AD /* SceneDelegate.swift */; };
		4F3ABF2D28A63265006847AD /* LoadCompanyVC.swift in Sources */ = {isa = PBXBuildFile; fileRef = 4F3ABF2C28A63265006847AD /* LoadCompanyVC.swift */; };
		4F3ABF3028A63265006847AD /* Main.storyboard in Resources */ = {isa = PBXBuildFile; fileRef = 4F3ABF2E28A63265006847AD /* Main.storyboard */; };
		4F3ABF3228A63265006847AD /* Assets.xcassets in Resources */ = {isa = PBXBuildFile; fileRef = 4F3ABF3128A63265006847AD /* Assets.xcassets */; };
		4F3ABF3528A63265006847AD /* LaunchScreen.storyboard in Resources */ = {isa = PBXBuildFile; fileRef = 4F3ABF3328A63265006847AD /* LaunchScreen.storyboard */; };
		4F3ABF4A28A63265006847AD /* MVVM_DemoUITests.swift in Sources */ = {isa = PBXBuildFile; fileRef = 4F3ABF4928A63265006847AD /* MVVM_DemoUITests.swift */; };
		4F3ABF4C28A63265006847AD /* MVVM_DemoUITestsLaunchTests.swift in Sources */ = {isa = PBXBuildFile; fileRef = 4F3ABF4B28A63265006847AD /* MVVM_DemoUITestsLaunchTests.swift */; };
		4F3ABF5D28A64573006847AD /* CompanyTBCell.swift in Sources */ = {isa = PBXBuildFile; fileRef = 4F3ABF5C28A64573006847AD /* CompanyTBCell.swift */; };
		4F3ABF6028A648BA006847AD /* Company.json in Resources */ = {isa = PBXBuildFile; fileRef = 4F3ABF5F28A648BA006847AD /* Company.json */; };
		4F3ABF6228A648CF006847AD /* Company.swift in Sources */ = {isa = PBXBuildFile; fileRef = 4F3ABF6128A648CF006847AD /* Company.swift */; };
		4F3ABF6528A64928006847AD /* CompanyViewModel.swift in Sources */ = {isa = PBXBuildFile; fileRef = 4F3ABF6428A64928006847AD /* CompanyViewModel.swift */; };
		4F3ABF6728A65009006847AD /* CompanyVewModelTests.swift in Sources */ = {isa = PBXBuildFile; fileRef = 4F3ABF6628A65009006847AD /* CompanyVewModelTests.swift */; };
		4FBB2C5A28AF2E3600ED5C5E /* FIFAWorldCupChampionViewModel.swift in Sources */ = {isa = PBXBuildFile; fileRef = 4FBB2C5928AF2E3600ED5C5E /* FIFAWorldCupChampionViewModel.swift */; };
		4FBB2C5C28AF2E4600ED5C5E /* FIFAWorldCupChampion.swift in Sources */ = {isa = PBXBuildFile; fileRef = 4FBB2C5B28AF2E4600ED5C5E /* FIFAWorldCupChampion.swift */; };
		4FBB2C5E28AF2E6400ED5C5E /* FIFAWorldCupChampionTBCell.swift in Sources */ = {isa = PBXBuildFile; fileRef = 4FBB2C5D28AF2E6400ED5C5E /* FIFAWorldCupChampionTBCell.swift */; };
		4FBB2C6028AF2E8E00ED5C5E /* FIFAWorldCupChampionsVC.swift in Sources */ = {isa = PBXBuildFile; fileRef = 4FBB2C5F28AF2E8E00ED5C5E /* FIFAWorldCupChampionsVC.swift */; };
		4FBB2C6228AF2F4A00ED5C5E /* FIFA.json in Resources */ = {isa = PBXBuildFile; fileRef = 4FBB2C6128AF2F4A00ED5C5E /* FIFA.json */; };
/* End PBXBuildFile section */

/* Begin PBXContainerItemProxy section */
		4F3ABF3C28A63265006847AD /* PBXContainerItemProxy */ = {
			isa = PBXContainerItemProxy;
			containerPortal = 4F3ABF1D28A63265006847AD /* Project object */;
			proxyType = 1;
			remoteGlobalIDString = 4F3ABF2428A63265006847AD;
			remoteInfo = MVVM_Demo;
		};
		4F3ABF4628A63265006847AD /* PBXContainerItemProxy */ = {
			isa = PBXContainerItemProxy;
			containerPortal = 4F3ABF1D28A63265006847AD /* Project object */;
			proxyType = 1;
			remoteGlobalIDString = 4F3ABF2428A63265006847AD;
			remoteInfo = MVVM_Demo;
		};
/* End PBXContainerItemProxy section */

/* Begin PBXFileReference section */
		4F3ABF2528A63265006847AD /* MVVM_Demo.app */ = {isa = PBXFileReference; explicitFileType = wrapper.application; includeInIndex = 0; path = MVVM_Demo.app; sourceTree = BUILT_PRODUCTS_DIR; };
		4F3ABF2828A63265006847AD /* AppDelegate.swift */ = {isa = PBXFileReference; lastKnownFileType = sourcecode.swift; path = AppDelegate.swift; sourceTree = "<group>"; };
		4F3ABF2A28A63265006847AD /* SceneDelegate.swift */ = {isa = PBXFileReference; lastKnownFileType = sourcecode.swift; path = SceneDelegate.swift; sourceTree = "<group>"; };
		4F3ABF2C28A63265006847AD /* LoadCompanyVC.swift */ = {isa = PBXFileReference; lastKnownFileType = sourcecode.swift; path = LoadCompanyVC.swift; sourceTree = "<group>"; };
		4F3ABF2F28A63265006847AD /* Base */ = {isa = PBXFileReference; lastKnownFileType = file.storyboard; name = Base; path = Base.lproj/Main.storyboard; sourceTree = "<group>"; };
		4F3ABF3128A63265006847AD /* Assets.xcassets */ = {isa = PBXFileReference; lastKnownFileType = folder.assetcatalog; path = Assets.xcassets; sourceTree = "<group>"; };
		4F3ABF3428A63265006847AD /* Base */ = {isa = PBXFileReference; lastKnownFileType = file.storyboard; name = Base; path = Base.lproj/LaunchScreen.storyboard; sourceTree = "<group>"; };
		4F3ABF3628A63265006847AD /* Info.plist */ = {isa = PBXFileReference; lastKnownFileType = text.plist.xml; path = Info.plist; sourceTree = "<group>"; };
		4F3ABF3B28A63265006847AD /* MVVM_DemoTests.xctest */ = {isa = PBXFileReference; explicitFileType = wrapper.cfbundle; includeInIndex = 0; path = MVVM_DemoTests.xctest; sourceTree = BUILT_PRODUCTS_DIR; };
		4F3ABF4528A63265006847AD /* MVVM_DemoUITests.xctest */ = {isa = PBXFileReference; explicitFileType = wrapper.cfbundle; includeInIndex = 0; path = MVVM_DemoUITests.xctest; sourceTree = BUILT_PRODUCTS_DIR; };
		4F3ABF4928A63265006847AD /* MVVM_DemoUITests.swift */ = {isa = PBXFileReference; lastKnownFileType = sourcecode.swift; path = MVVM_DemoUITests.swift; sourceTree = "<group>"; };
		4F3ABF4B28A63265006847AD /* MVVM_DemoUITestsLaunchTests.swift */ = {isa = PBXFileReference; lastKnownFileType = sourcecode.swift; path = MVVM_DemoUITestsLaunchTests.swift; sourceTree = "<group>"; };
		4F3ABF5C28A64573006847AD /* CompanyTBCell.swift */ = {isa = PBXFileReference; lastKnownFileType = sourcecode.swift; path = CompanyTBCell.swift; sourceTree = "<group>"; };
		4F3ABF5F28A648BA006847AD /* Company.json */ = {isa = PBXFileReference; fileEncoding = 4; lastKnownFileType = text.json; path = Company.json; sourceTree = "<group>"; };
		4F3ABF6128A648CF006847AD /* Company.swift */ = {isa = PBXFileReference; lastKnownFileType = sourcecode.swift; path = Company.swift; sourceTree = "<group>"; };
		4F3ABF6428A64928006847AD /* CompanyViewModel.swift */ = {isa = PBXFileReference; lastKnownFileType = sourcecode.swift; path = CompanyViewModel.swift; sourceTree = "<group>"; };
		4F3ABF6628A65009006847AD /* CompanyVewModelTests.swift */ = {isa = PBXFileReference; lastKnownFileType = sourcecode.swift; path = CompanyVewModelTests.swift; sourceTree = "<group>"; };
		4FBB2C5928AF2E3600ED5C5E /* FIFAWorldCupChampionViewModel.swift */ = {isa = PBXFileReference; lastKnownFileType = sourcecode.swift; path = FIFAWorldCupChampionViewModel.swift; sourceTree = "<group>"; };
		4FBB2C5B28AF2E4600ED5C5E /* FIFAWorldCupChampion.swift */ = {isa = PBXFileReference; lastKnownFileType = sourcecode.swift; path = FIFAWorldCupChampion.swift; sourceTree = "<group>"; };
		4FBB2C5D28AF2E6400ED5C5E /* FIFAWorldCupChampionTBCell.swift */ = {isa = PBXFileReference; lastKnownFileType = sourcecode.swift; path = FIFAWorldCupChampionTBCell.swift; sourceTree = "<group>"; };
		4FBB2C5F28AF2E8E00ED5C5E /* FIFAWorldCupChampionsVC.swift */ = {isa = PBXFileReference; lastKnownFileType = sourcecode.swift; path = FIFAWorldCupChampionsVC.swift; sourceTree = "<group>"; };
		4FBB2C6128AF2F4A00ED5C5E /* FIFA.json */ = {isa = PBXFileReference; fileEncoding = 4; lastKnownFileType = text.json; path = FIFA.json; sourceTree = "<group>"; };
/* End PBXFileReference section */

/* Begin PBXFrameworksBuildPhase section */
		4F3ABF2228A63265006847AD /* Frameworks */ = {
			isa = PBXFrameworksBuildPhase;
			buildActionMask = 2147483647;
			files = (
			);
			runOnlyForDeploymentPostprocessing = 0;
		};
		4F3ABF3828A63265006847AD /* Frameworks */ = {
			isa = PBXFrameworksBuildPhase;
			buildActionMask = 2147483647;
			files = (
			);
			runOnlyForDeploymentPostprocessing = 0;
		};
		4F3ABF4228A63265006847AD /* Frameworks */ = {
			isa = PBXFrameworksBuildPhase;
			buildActionMask = 2147483647;
			files = (
			);
			runOnlyForDeploymentPostprocessing = 0;
		};
/* End PBXFrameworksBuildPhase section */

/* Begin PBXGroup section */
		4F3ABF1C28A63265006847AD = {
			isa = PBXGroup;
			children = (
				4F3ABF2728A63265006847AD /* MVVM_Demo */,
				4F3ABF3E28A63265006847AD /* MVVM_DemoTests */,
				4F3ABF4828A63265006847AD /* MVVM_DemoUITests */,
				4F3ABF2628A63265006847AD /* Products */,
			);
			sourceTree = "<group>";
		};
		4F3ABF2628A63265006847AD /* Products */ = {
			isa = PBXGroup;
			children = (
				4F3ABF2528A63265006847AD /* MVVM_Demo.app */,
				4F3ABF3B28A63265006847AD /* MVVM_DemoTests.xctest */,
				4F3ABF4528A63265006847AD /* MVVM_DemoUITests.xctest */,
			);
			name = Products;
			sourceTree = "<group>";
		};
		4F3ABF2728A63265006847AD /* MVVM_Demo */ = {
			isa = PBXGroup;
			children = (
				4F3ABF5B28A6328D006847AD /* SupportFile */,
				4F3ABF5828A63270006847AD /* Model */,
				4F3ABF5928A63278006847AD /* View */,
				4F3ABF5A28A6327D006847AD /* ViewModel */,
				4F3ABF6328A64904006847AD /* ViewController */,
				4F3ABF2E28A63265006847AD /* Main.storyboard */,
				4F3ABF3328A63265006847AD /* LaunchScreen.storyboard */,
				4F3ABF5E28A648AA006847AD /* Resource */,
				4F3ABF3628A63265006847AD /* Info.plist */,
			);
			path = MVVM_Demo;
			sourceTree = "<group>";
		};
		4F3ABF3E28A63265006847AD /* MVVM_DemoTests */ = {
			isa = PBXGroup;
			children = (
				4F3ABF6628A65009006847AD /* CompanyVewModelTests.swift */,
			);
			path = MVVM_DemoTests;
			sourceTree = "<group>";
		};
		4F3ABF4828A63265006847AD /* MVVM_DemoUITests */ = {
			isa = PBXGroup;
			children = (
				4F3ABF4928A63265006847AD /* MVVM_DemoUITests.swift */,
				4F3ABF4B28A63265006847AD /* MVVM_DemoUITestsLaunchTests.swift */,
			);
			path = MVVM_DemoUITests;
			sourceTree = "<group>";
		};
		4F3ABF5828A63270006847AD /* Model */ = {
			isa = PBXGroup;
			children = (
				4F3ABF6128A648CF006847AD /* Company.swift */,
				4FBB2C5B28AF2E4600ED5C5E /* FIFAWorldCupChampion.swift */,
			);
			path = Model;
			sourceTree = "<group>";
		};
		4F3ABF5928A63278006847AD /* View */ = {
			isa = PBXGroup;
			children = (
				4F3ABF5C28A64573006847AD /* CompanyTBCell.swift */,
				4FBB2C5D28AF2E6400ED5C5E /* FIFAWorldCupChampionTBCell.swift */,
			);
			path = View;
			sourceTree = "<group>";
		};
		4F3ABF5A28A6327D006847AD /* ViewModel */ = {
			isa = PBXGroup;
			children = (
				4F3ABF6428A64928006847AD /* CompanyViewModel.swift */,
				4FBB2C5928AF2E3600ED5C5E /* FIFAWorldCupChampionViewModel.swift */,
			);
			path = ViewModel;
			sourceTree = "<group>";
		};
		4F3ABF5B28A6328D006847AD /* SupportFile */ = {
			isa = PBXGroup;
			children = (
				4F3ABF2828A63265006847AD /* AppDelegate.swift */,
				4F3ABF2A28A63265006847AD /* SceneDelegate.swift */,
			);
			path = SupportFile;
			sourceTree = "<group>";
		};
		4F3ABF5E28A648AA006847AD /* Resource */ = {
			isa = PBXGroup;
			children = (
				4FBB2C6128AF2F4A00ED5C5E /* FIFA.json */,
				4F3ABF5F28A648BA006847AD /* Company.json */,
				4F3ABF3128A63265006847AD /* Assets.xcassets */,
			);
			path = Resource;
			sourceTree = "<group>";
		};
		4F3ABF6328A64904006847AD /* ViewController */ = {
			isa = PBXGroup;
			children = (
				4F3ABF2C28A63265006847AD /* LoadCompanyVC.swift */,
				4FBB2C5F28AF2E8E00ED5C5E /* FIFAWorldCupChampionsVC.swift */,
			);
			path = ViewController;
			sourceTree = "<group>";
		};
/* End PBXGroup section */

/* Begin PBXNativeTarget section */
		4F3ABF2428A63265006847AD /* MVVM_Demo */ = {
			isa = PBXNativeTarget;
			buildConfigurationList = 4F3ABF4F28A63265006847AD /* Build configuration list for PBXNativeTarget "MVVM_Demo" */;
			buildPhases = (
				4F3ABF2128A63265006847AD /* Sources */,
				4F3ABF2228A63265006847AD /* Frameworks */,
				4F3ABF2328A63265006847AD /* Resources */,
			);
			buildRules = (
			);
			dependencies = (
			);
			name = MVVM_Demo;
			productName = MVVM_Demo;
			productReference = 4F3ABF2528A63265006847AD /* MVVM_Demo.app */;
			productType = "com.apple.product-type.application";
		};
		4F3ABF3A28A63265006847AD /* MVVM_DemoTests */ = {
			isa = PBXNativeTarget;
			buildConfigurationList = 4F3ABF5228A63265006847AD /* Build configuration list for PBXNativeTarget "MVVM_DemoTests" */;
			buildPhases = (
				4F3ABF3728A63265006847AD /* Sources */,
				4F3ABF3828A63265006847AD /* Frameworks */,
				4F3ABF3928A63265006847AD /* Resources */,
			);
			buildRules = (
			);
			dependencies = (
				4F3ABF3D28A63265006847AD /* PBXTargetDependency */,
			);
			name = MVVM_DemoTests;
			productName = MVVM_DemoTests;
			productReference = 4F3ABF3B28A63265006847AD /* MVVM_DemoTests.xctest */;
			productType = "com.apple.product-type.bundle.unit-test";
		};
		4F3ABF4428A63265006847AD /* MVVM_DemoUITests */ = {
			isa = PBXNativeTarget;
			buildConfigurationList = 4F3ABF5528A63265006847AD /* Build configuration list for PBXNativeTarget "MVVM_DemoUITests" */;
			buildPhases = (
				4F3ABF4128A63265006847AD /* Sources */,
				4F3ABF4228A63265006847AD /* Frameworks */,
				4F3ABF4328A63265006847AD /* Resources */,
			);
			buildRules = (
			);
			dependencies = (
				4F3ABF4728A63265006847AD /* PBXTargetDependency */,
			);
			name = MVVM_DemoUITests;
			productName = MVVM_DemoUITests;
			productReference = 4F3ABF4528A63265006847AD /* MVVM_DemoUITests.xctest */;
			productType = "com.apple.product-type.bundle.ui-testing";
		};
/* End PBXNativeTarget section */

/* Begin PBXProject section */
		4F3ABF1D28A63265006847AD /* Project object */ = {
			isa = PBXProject;
			attributes = {
				BuildIndependentTargetsInParallel = 1;
				LastSwiftUpdateCheck = 1340;
				LastUpgradeCheck = 1340;
				TargetAttributes = {
					4F3ABF2428A63265006847AD = {
						CreatedOnToolsVersion = 13.4.1;
					};
					4F3ABF3A28A63265006847AD = {
						CreatedOnToolsVersion = 13.4.1;
						TestTargetID = 4F3ABF2428A63265006847AD;
					};
					4F3ABF4428A63265006847AD = {
						CreatedOnToolsVersion = 13.4.1;
						TestTargetID = 4F3ABF2428A63265006847AD;
					};
				};
			};
			buildConfigurationList = 4F3ABF2028A63265006847AD /* Build configuration list for PBXProject "MVVM_Demo" */;
			compatibilityVersion = "Xcode 13.0";
			developmentRegion = en;
			hasScannedForEncodings = 0;
			knownRegions = (
				en,
				Base,
			);
			mainGroup = 4F3ABF1C28A63265006847AD;
			productRefGroup = 4F3ABF2628A63265006847AD /* Products */;
			projectDirPath = "";
			projectRoot = "";
			targets = (
				4F3ABF2428A63265006847AD /* MVVM_Demo */,
				4F3ABF3A28A63265006847AD /* MVVM_DemoTests */,
				4F3ABF4428A63265006847AD /* MVVM_DemoUITests */,
			);
		};
/* End PBXProject section */

/* Begin PBXResourcesBuildPhase section */
		4F3ABF2328A63265006847AD /* Resources */ = {
			isa = PBXResourcesBuildPhase;
			buildActionMask = 2147483647;
			files = (
				4FBB2C6228AF2F4A00ED5C5E /* FIFA.json in Resources */,
				4F3ABF3528A63265006847AD /* LaunchScreen.storyboard in Resources */,
				4F3ABF3228A63265006847AD /* Assets.xcassets in Resources */,
				4F3ABF3028A63265006847AD /* Main.storyboard in Resources */,
				4F3ABF6028A648BA006847AD /* Company.json in Resources */,
			);
			runOnlyForDeploymentPostprocessing = 0;
		};
		4F3ABF3928A63265006847AD /* Resources */ = {
			isa = PBXResourcesBuildPhase;
			buildActionMask = 2147483647;
			files = (
			);
			runOnlyForDeploymentPostprocessing = 0;
		};
		4F3ABF4328A63265006847AD /* Resources */ = {
			isa = PBXResourcesBuildPhase;
			buildActionMask = 2147483647;
			files = (
			);
			runOnlyForDeploymentPostprocessing = 0;
		};
/* End PBXResourcesBuildPhase section */

/* Begin PBXSourcesBuildPhase section */
		4F3ABF2128A63265006847AD /* Sources */ = {
			isa = PBXSourcesBuildPhase;
			buildActionMask = 2147483647;
			files = (
				4FBB2C5C28AF2E4600ED5C5E /* FIFAWorldCupChampion.swift in Sources */,
				4F3ABF6528A64928006847AD /* CompanyViewModel.swift in Sources */,
				4F3ABF2D28A63265006847AD /* LoadCompanyVC.swift in Sources */,
				4F3ABF2928A63265006847AD /* AppDelegate.swift in Sources */,
				4F3ABF2B28A63265006847AD /* SceneDelegate.swift in Sources */,
				4FBB2C5E28AF2E6400ED5C5E /* FIFAWorldCupChampionTBCell.swift in Sources */,
				4F3ABF6228A648CF006847AD /* Company.swift in Sources */,
				4F3ABF5D28A64573006847AD /* CompanyTBCell.swift in Sources */,
				4FBB2C5A28AF2E3600ED5C5E /* FIFAWorldCupChampionViewModel.swift in Sources */,
				4FBB2C6028AF2E8E00ED5C5E /* FIFAWorldCupChampionsVC.swift in Sources */,
			);
			runOnlyForDeploymentPostprocessing = 0;
		};
		4F3ABF3728A63265006847AD /* Sources */ = {
			isa = PBXSourcesBuildPhase;
			buildActionMask = 2147483647;
			files = (
				4F3ABF6728A65009006847AD /* CompanyVewModelTests.swift in Sources */,
			);
			runOnlyForDeploymentPostprocessing = 0;
		};
		4F3ABF4128A63265006847AD /* Sources */ = {
			isa = PBXSourcesBuildPhase;
			buildActionMask = 2147483647;
			files = (
				4F3ABF4A28A63265006847AD /* MVVM_DemoUITests.swift in Sources */,
				4F3ABF4C28A63265006847AD /* MVVM_DemoUITestsLaunchTests.swift in Sources */,
			);
			runOnlyForDeploymentPostprocessing = 0;
		};
/* End PBXSourcesBuildPhase section */

/* Begin PBXTargetDependency section */
		4F3ABF3D28A63265006847AD /* PBXTargetDependency */ = {
			isa = PBXTargetDependency;
			target = 4F3ABF2428A63265006847AD /* MVVM_Demo */;
			targetProxy = 4F3ABF3C28A63265006847AD /* PBXContainerItemProxy */;
		};
		4F3ABF4728A63265006847AD /* PBXTargetDependency */ = {
			isa = PBXTargetDependency;
			target = 4F3ABF2428A63265006847AD /* MVVM_Demo */;
			targetProxy = 4F3ABF4628A63265006847AD /* PBXContainerItemProxy */;
		};
/* End PBXTargetDependency section */

/* Begin PBXVariantGroup section */
		4F3ABF2E28A63265006847AD /* Main.storyboard */ = {
			isa = PBXVariantGroup;
			children = (
				4F3ABF2F28A63265006847AD /* Base */,
			);
			name = Main.storyboard;
			sourceTree = "<group>";
		};
		4F3ABF3328A63265006847AD /* LaunchScreen.storyboard */ = {
			isa = PBXVariantGroup;
			children = (
				4F3ABF3428A63265006847AD /* Base */,
			);
			name = LaunchScreen.storyboard;
			sourceTree = "<group>";
		};
/* End PBXVariantGroup section */

/* Begin XCBuildConfiguration section */
		4F3ABF4D28A63265006847AD /* Debug */ = {
			isa = XCBuildConfiguration;
			buildSettings = {
				ALWAYS_SEARCH_USER_PATHS = NO;
				CLANG_ANALYZER_NONNULL = YES;
				CLANG_ANALYZER_NUMBER_OBJECT_CONVERSION = YES_AGGRESSIVE;
				CLANG_CXX_LANGUAGE_STANDARD = "gnu++17";
				CLANG_ENABLE_MODULES = YES;
				CLANG_ENABLE_OBJC_ARC = YES;
				CLANG_ENABLE_OBJC_WEAK = YES;
				CLANG_WARN_BLOCK_CAPTURE_AUTORELEASING = YES;
				CLANG_WARN_BOOL_CONVERSION = YES;
				CLANG_WARN_COMMA = YES;
				CLANG_WARN_CONSTANT_CONVERSION = YES;
				CLANG_WARN_DEPRECATED_OBJC_IMPLEMENTATIONS = YES;
				CLANG_WARN_DIRECT_OBJC_ISA_USAGE = YES_ERROR;
				CLANG_WARN_DOCUMENTATION_COMMENTS = YES;
				CLANG_WARN_EMPTY_BODY = YES;
				CLANG_WARN_ENUM_CONVERSION = YES;
				CLANG_WARN_INFINITE_RECURSION = YES;
				CLANG_WARN_INT_CONVERSION = YES;
				CLANG_WARN_NON_LITERAL_NULL_CONVERSION = YES;
				CLANG_WARN_OBJC_IMPLICIT_RETAIN_SELF = YES;
				CLANG_WARN_OBJC_LITERAL_CONVERSION = YES;
				CLANG_WARN_OBJC_ROOT_CLASS = YES_ERROR;
				CLANG_WARN_QUOTED_INCLUDE_IN_FRAMEWORK_HEADER = YES;
				CLANG_WARN_RANGE_LOOP_ANALYSIS = YES;
				CLANG_WARN_STRICT_PROTOTYPES = YES;
				CLANG_WARN_SUSPICIOUS_MOVE = YES;
				CLANG_WARN_UNGUARDED_AVAILABILITY = YES_AGGRESSIVE;
				CLANG_WARN_UNREACHABLE_CODE = YES;
				CLANG_WARN__DUPLICATE_METHOD_MATCH = YES;
				COPY_PHASE_STRIP = NO;
				DEBUG_INFORMATION_FORMAT = dwarf;
				ENABLE_STRICT_OBJC_MSGSEND = YES;
				ENABLE_TESTABILITY = YES;
				GCC_C_LANGUAGE_STANDARD = gnu11;
				GCC_DYNAMIC_NO_PIC = NO;
				GCC_NO_COMMON_BLOCKS = YES;
				GCC_OPTIMIZATION_LEVEL = 0;
				GCC_PREPROCESSOR_DEFINITIONS = (
					"DEBUG=1",
					"$(inherited)",
				);
				GCC_WARN_64_TO_32_BIT_CONVERSION = YES;
				GCC_WARN_ABOUT_RETURN_TYPE = YES_ERROR;
				GCC_WARN_UNDECLARED_SELECTOR = YES;
				GCC_WARN_UNINITIALIZED_AUTOS = YES_AGGRESSIVE;
				GCC_WARN_UNUSED_FUNCTION = YES;
				GCC_WARN_UNUSED_VARIABLE = YES;
				IPHONEOS_DEPLOYMENT_TARGET = 15.5;
				MTL_ENABLE_DEBUG_INFO = INCLUDE_SOURCE;
				MTL_FAST_MATH = YES;
				ONLY_ACTIVE_ARCH = YES;
				SDKROOT = iphoneos;
				SWIFT_ACTIVE_COMPILATION_CONDITIONS = DEBUG;
				SWIFT_OPTIMIZATION_LEVEL = "-Onone";
			};
			name = Debug;
		};
		4F3ABF4E28A63265006847AD /* Release */ = {
			isa = XCBuildConfiguration;
			buildSettings = {
				ALWAYS_SEARCH_USER_PATHS = NO;
				CLANG_ANALYZER_NONNULL = YES;
				CLANG_ANALYZER_NUMBER_OBJECT_CONVERSION = YES_AGGRESSIVE;
				CLANG_CXX_LANGUAGE_STANDARD = "gnu++17";
				CLANG_ENABLE_MODULES = YES;
				CLANG_ENABLE_OBJC_ARC = YES;
				CLANG_ENABLE_OBJC_WEAK = YES;
				CLANG_WARN_BLOCK_CAPTURE_AUTORELEASING = YES;
				CLANG_WARN_BOOL_CONVERSION = YES;
				CLANG_WARN_COMMA = YES;
				CLANG_WARN_CONSTANT_CONVERSION = YES;
				CLANG_WARN_DEPRECATED_OBJC_IMPLEMENTATIONS = YES;
				CLANG_WARN_DIRECT_OBJC_ISA_USAGE = YES_ERROR;
				CLANG_WARN_DOCUMENTATION_COMMENTS = YES;
				CLANG_WARN_EMPTY_BODY = YES;
				CLANG_WARN_ENUM_CONVERSION = YES;
				CLANG_WARN_INFINITE_RECURSION = YES;
				CLANG_WARN_INT_CONVERSION = YES;
				CLANG_WARN_NON_LITERAL_NULL_CONVERSION = YES;
				CLANG_WARN_OBJC_IMPLICIT_RETAIN_SELF = YES;
				CLANG_WARN_OBJC_LITERAL_CONVERSION = YES;
				CLANG_WARN_OBJC_ROOT_CLASS = YES_ERROR;
				CLANG_WARN_QUOTED_INCLUDE_IN_FRAMEWORK_HEADER = YES;
				CLANG_WARN_RANGE_LOOP_ANALYSIS = YES;
				CLANG_WARN_STRICT_PROTOTYPES = YES;
				CLANG_WARN_SUSPICIOUS_MOVE = YES;
				CLANG_WARN_UNGUARDED_AVAILABILITY = YES_AGGRESSIVE;
				CLANG_WARN_UNREACHABLE_CODE = YES;
				CLANG_WARN__DUPLICATE_METHOD_MATCH = YES;
				COPY_PHASE_STRIP = NO;
				DEBUG_INFORMATION_FORMAT = "dwarf-with-dsym";
				ENABLE_NS_ASSERTIONS = NO;
				ENABLE_STRICT_OBJC_MSGSEND = YES;
				GCC_C_LANGUAGE_STANDARD = gnu11;
				GCC_NO_COMMON_BLOCKS = YES;
				GCC_WARN_64_TO_32_BIT_CONVERSION = YES;
				GCC_WARN_ABOUT_RETURN_TYPE = YES_ERROR;
				GCC_WARN_UNDECLARED_SELECTOR = YES;
				GCC_WARN_UNINITIALIZED_AUTOS = YES_AGGRESSIVE;
				GCC_WARN_UNUSED_FUNCTION = YES;
				GCC_WARN_UNUSED_VARIABLE = YES;
				IPHONEOS_DEPLOYMENT_TARGET = 15.5;
				MTL_ENABLE_DEBUG_INFO = NO;
				MTL_FAST_MATH = YES;
				SDKROOT = iphoneos;
				SWIFT_COMPILATION_MODE = wholemodule;
				SWIFT_OPTIMIZATION_LEVEL = "-O";
				VALIDATE_PRODUCT = YES;
			};
			name = Release;
		};
		4F3ABF5028A63265006847AD /* Debug */ = {
			isa = XCBuildConfiguration;
			buildSettings = {
				ASSETCATALOG_COMPILER_APPICON_NAME = AppIcon;
				ASSETCATALOG_COMPILER_GLOBAL_ACCENT_COLOR_NAME = AccentColor;
				CODE_SIGN_STYLE = Automatic;
				CURRENT_PROJECT_VERSION = 1;
				DEVELOPMENT_TEAM = 925LD6VDN2;
				GENERATE_INFOPLIST_FILE = YES;
				INFOPLIST_FILE = MVVM_Demo/Info.plist;
				INFOPLIST_KEY_UIApplicationSupportsIndirectInputEvents = YES;
				INFOPLIST_KEY_UILaunchStoryboardName = LaunchScreen;
				INFOPLIST_KEY_UIMainStoryboardFile = Main;
				INFOPLIST_KEY_UISupportedInterfaceOrientations_iPad = "UIInterfaceOrientationPortrait UIInterfaceOrientationPortraitUpsideDown UIInterfaceOrientationLandscapeLeft UIInterfaceOrientationLandscapeRight";
				INFOPLIST_KEY_UISupportedInterfaceOrientations_iPhone = "UIInterfaceOrientationPortrait UIInterfaceOrientationLandscapeLeft UIInterfaceOrientationLandscapeRight";
				LD_RUNPATH_SEARCH_PATHS = (
					"$(inherited)",
					"@executable_path/Frameworks",
				);
				MARKETING_VERSION = 1.0;
				PRODUCT_BUNDLE_IDENTIFIER = "com.bnh.MVVM-Demo";
				PRODUCT_NAME = "$(TARGET_NAME)";
				SWIFT_EMIT_LOC_STRINGS = YES;
				SWIFT_VERSION = 5.0;
				TARGETED_DEVICE_FAMILY = "1,2";
			};
			name = Debug;
		};
		4F3ABF5128A63265006847AD /* Release */ = {
			isa = XCBuildConfiguration;
			buildSettings = {
				ASSETCATALOG_COMPILER_APPICON_NAME = AppIcon;
				ASSETCATALOG_COMPILER_GLOBAL_ACCENT_COLOR_NAME = AccentColor;
				CODE_SIGN_STYLE = Automatic;
				CURRENT_PROJECT_VERSION = 1;
				DEVELOPMENT_TEAM = 925LD6VDN2;
				GENERATE_INFOPLIST_FILE = YES;
				INFOPLIST_FILE = MVVM_Demo/Info.plist;
				INFOPLIST_KEY_UIApplicationSupportsIndirectInputEvents = YES;
				INFOPLIST_KEY_UILaunchStoryboardName = LaunchScreen;
				INFOPLIST_KEY_UIMainStoryboardFile = Main;
				INFOPLIST_KEY_UISupportedInterfaceOrientations_iPad = "UIInterfaceOrientationPortrait UIInterfaceOrientationPortraitUpsideDown UIInterfaceOrientationLandscapeLeft UIInterfaceOrientationLandscapeRight";
				INFOPLIST_KEY_UISupportedInterfaceOrientations_iPhone = "UIInterfaceOrientationPortrait UIInterfaceOrientationLandscapeLeft UIInterfaceOrientationLandscapeRight";
				LD_RUNPATH_SEARCH_PATHS = (
					"$(inherited)",
					"@executable_path/Frameworks",
				);
				MARKETING_VERSION = 1.0;
				PRODUCT_BUNDLE_IDENTIFIER = "com.bnh.MVVM-Demo";
				PRODUCT_NAME = "$(TARGET_NAME)";
				SWIFT_EMIT_LOC_STRINGS = YES;
				SWIFT_VERSION = 5.0;
				TARGETED_DEVICE_FAMILY = "1,2";
			};
			name = Release;
		};
		4F3ABF5328A63265006847AD /* Debug */ = {
			isa = XCBuildConfiguration;
			buildSettings = {
				ALWAYS_EMBED_SWIFT_STANDARD_LIBRARIES = YES;
				BUNDLE_LOADER = "$(TEST_HOST)";
				CODE_SIGN_STYLE = Automatic;
				CURRENT_PROJECT_VERSION = 1;
				DEVELOPMENT_TEAM = 925LD6VDN2;
				GENERATE_INFOPLIST_FILE = YES;
				IPHONEOS_DEPLOYMENT_TARGET = 15.5;
				MARKETING_VERSION = 1.0;
				PRODUCT_BUNDLE_IDENTIFIER = "com.bnh.MVVM-DemoTests";
				PRODUCT_NAME = "$(TARGET_NAME)";
				SWIFT_EMIT_LOC_STRINGS = NO;
				SWIFT_VERSION = 5.0;
				TARGETED_DEVICE_FAMILY = "1,2";
				TEST_HOST = "$(BUILT_PRODUCTS_DIR)/MVVM_Demo.app/MVVM_Demo";
			};
			name = Debug;
		};
		4F3ABF5428A63265006847AD /* Release */ = {
			isa = XCBuildConfiguration;
			buildSettings = {
				ALWAYS_EMBED_SWIFT_STANDARD_LIBRARIES = YES;
				BUNDLE_LOADER = "$(TEST_HOST)";
				CODE_SIGN_STYLE = Automatic;
				CURRENT_PROJECT_VERSION = 1;
				DEVELOPMENT_TEAM = 925LD6VDN2;
				GENERATE_INFOPLIST_FILE = YES;
				IPHONEOS_DEPLOYMENT_TARGET = 15.5;
				MARKETING_VERSION = 1.0;
				PRODUCT_BUNDLE_IDENTIFIER = "com.bnh.MVVM-DemoTests";
				PRODUCT_NAME = "$(TARGET_NAME)";
				SWIFT_EMIT_LOC_STRINGS = NO;
				SWIFT_VERSION = 5.0;
				TARGETED_DEVICE_FAMILY = "1,2";
				TEST_HOST = "$(BUILT_PRODUCTS_DIR)/MVVM_Demo.app/MVVM_Demo";
			};
			name = Release;
		};
		4F3ABF5628A63265006847AD /* Debug */ = {
			isa = XCBuildConfiguration;
			buildSettings = {
				ALWAYS_EMBED_SWIFT_STANDARD_LIBRARIES = YES;
				CODE_SIGN_STYLE = Automatic;
				CURRENT_PROJECT_VERSION = 1;
				DEVELOPMENT_TEAM = 925LD6VDN2;
				GENERATE_INFOPLIST_FILE = YES;
				MARKETING_VERSION = 1.0;
				PRODUCT_BUNDLE_IDENTIFIER = "com.bnh.MVVM-DemoUITests";
				PRODUCT_NAME = "$(TARGET_NAME)";
				SWIFT_EMIT_LOC_STRINGS = NO;
				SWIFT_VERSION = 5.0;
				TARGETED_DEVICE_FAMILY = "1,2";
				TEST_TARGET_NAME = MVVM_Demo;
			};
			name = Debug;
		};
		4F3ABF5728A63265006847AD /* Release */ = {
			isa = XCBuildConfiguration;
			buildSettings = {
				ALWAYS_EMBED_SWIFT_STANDARD_LIBRARIES = YES;
				CODE_SIGN_STYLE = Automatic;
				CURRENT_PROJECT_VERSION = 1;
				DEVELOPMENT_TEAM = 925LD6VDN2;
				GENERATE_INFOPLIST_FILE = YES;
				MARKETING_VERSION = 1.0;
				PRODUCT_BUNDLE_IDENTIFIER = "com.bnh.MVVM-DemoUITests";
				PRODUCT_NAME = "$(TARGET_NAME)";
				SWIFT_EMIT_LOC_STRINGS = NO;
				SWIFT_VERSION = 5.0;
				TARGETED_DEVICE_FAMILY = "1,2";
				TEST_TARGET_NAME = MVVM_Demo;
			};
			name = Release;
		};
/* End XCBuildConfiguration section */

/* Begin XCConfigurationList section */
		4F3ABF2028A63265006847AD /* Build configuration list for PBXProject "MVVM_Demo" */ = {
			isa = XCConfigurationList;
			buildConfigurations = (
				4F3ABF4D28A63265006847AD /* Debug */,
				4F3ABF4E28A63265006847AD /* Release */,
			);
			defaultConfigurationIsVisible = 0;
			defaultConfigurationName = Release;
		};
		4F3ABF4F28A63265006847AD /* Build configuration list for PBXNativeTarget "MVVM_Demo" */ = {
			isa = XCConfigurationList;
			buildConfigurations = (
				4F3ABF5028A63265006847AD /* Debug */,
				4F3ABF5128A63265006847AD /* Release */,
			);
			defaultConfigurationIsVisible = 0;
			defaultConfigurationName = Release;
		};
		4F3ABF5228A63265006847AD /* Build configuration list for PBXNativeTarget "MVVM_DemoTests" */ = {
			isa = XCConfigurationList;
			buildConfigurations = (
				4F3ABF5328A63265006847AD /* Debug */,
				4F3ABF5428A63265006847AD /* Release */,
			);
			defaultConfigurationIsVisible = 0;
			defaultConfigurationName = Release;
		};
		4F3ABF5528A63265006847AD /* Build configuration list for PBXNativeTarget "MVVM_DemoUITests" */ = {
			isa = XCConfigurationList;
			buildConfigurations = (
				4F3ABF5628A63265006847AD /* Debug */,
				4F3ABF5728A63265006847AD /* Release */,
			);
			defaultConfigurationIsVisible = 0;
			defaultConfigurationName = Release;
		};
/* End XCConfigurationList section */
	};
	rootObject = 4F3ABF1D28A63265006847AD /* Project object */;
}
